{
  "version": 4,
  "terraform_version": "1.9.8",
  "serial": 1,
  "lineage": "0d2f7645-2f7c-5db3-3838-1563e2b83c7b",
  "outputs": {},
  "resources": [
    {
      "mode": "managed",
      "type": "spotify_playlist",
      "name": "Afrobeats",
      "provider": "provider[\"registry.terraform.io/conradludgate/spotify\"]",
      "instances": [
        {
          "schema_version": 0,
          "attributes": {
            "description": null,
            "id": "3kHIIKURR8P3Zb03gZHNoc",
            "name": "Afrobeats",
            "public": true,
            "snapshot_id": "AAAAAmI2FKoHqAlsIAnyyNmz6Vzf3/3f",
            "tracks": [
              "0Q1bMs3xLQiDEeaneehdxv"
            ]
          },
          "sensitive_attributes": [],
          "private": "bnVsbA=="
        }
      ]
    }
  ],
  "check_results": null
}
